
Microsoft Visual Studio Solution File, Format Version 12.00
# Visual Studio Version 16
VisualStudioVersion = 16.0.31702.278
MinimumVisualStudioVersion = 10.0.40219.1
Project("{9A19103F-16F7-4668-BE54-9A1E7A4F7556}") = "SignalRChat", "SignalRChat\SignalRChat.csproj", "{F41CE1CD-3626-4C80-AEF3-F03653197780}"
EndProject
Project("{FAE04EC0-301F-11D3-BF4B-00C04F79EFBC}") = "PingPong3", "PingPong3\PingPong3.csproj", "{04859D04-1396-4518-931F-D60EFCEA7C98}"
EndProject
Project("{FAE04EC0-301F-11D3-BF4B-00C04F79EFBC}") = "PingPong3Tests", "PingPong3Tests\PingPong3Tests.csproj", "{5910BE36-624D-465C-9783-73629DE67B6B}"
EndProject
Global
	GlobalSection(SolutionConfigurationPlatforms) = preSolution
		Debug|Any CPU = Debug|Any CPU
		Release|Any CPU = Release|Any CPU
	EndGlobalSection
	GlobalSection(ProjectConfigurationPlatforms) = postSolution
		{F41CE1CD-3626-4C80-AEF3-F03653197780}.Debug|Any CPU.ActiveCfg = Debug|Any CPU
		{F41CE1CD-3626-4C80-AEF3-F03653197780}.Debug|Any CPU.Build.0 = Debug|Any CPU
		{F41CE1CD-3626-4C80-AEF3-F03653197780}.Release|Any CPU.ActiveCfg = Release|Any CPU
		{F41CE1CD-3626-4C80-AEF3-F03653197780}.Release|Any CPU.Build.0 = Release|Any CPU
		{04859D04-1396-4518-931F-D60EFCEA7C98}.Debug|Any CPU.ActiveCfg = Debug|Any CPU
		{04859D04-1396-4518-931F-D60EFCEA7C98}.Debug|Any CPU.Build.0 = Debug|Any CPU
		{04859D04-1396-4518-931F-D60EFCEA7C98}.Release|Any CPU.ActiveCfg = Release|Any CPU
		{04859D04-1396-4518-931F-D60EFCEA7C98}.Release|Any CPU.Build.0 = Release|Any CPU
		{5910BE36-624D-465C-9783-73629DE67B6B}.Debug|Any CPU.ActiveCfg = Debug|Any CPU
		{5910BE36-624D-465C-9783-73629DE67B6B}.Debug|Any CPU.Build.0 = Debug|Any CPU
		{5910BE36-624D-465C-9783-73629DE67B6B}.Release|Any CPU.ActiveCfg = Release|Any CPU
		{5910BE36-624D-465C-9783-73629DE67B6B}.Release|Any CPU.Build.0 = Release|Any CPU
	EndGlobalSection
	GlobalSection(SolutionProperties) = preSolution
		HideSolutionNode = FALSE
	EndGlobalSection
	GlobalSection(ExtensibilityGlobals) = postSolution
		SolutionGuid = {622C7450-30A5-43D6-82EA-6EAB7C0E5A7D}
	EndGlobalSection
EndGlobal
